
Microsoft Visual Studio Solution File, Format Version 12.00
# Visual Studio 15
VisualStudioVersion = 15.0.27004.2002
MinimumVisualStudioVersion = 10.0.40219.1
Project("{FAE04EC0-301F-11D3-BF4B-00C04F79EFBC}") = "GameLibrary", "GameLibrary\GameLibrary.csproj", "{0B1BB465-7FB2-4157-A833-92083CD4D44F}"
EndProject
Project("{FAE04EC0-301F-11D3-BF4B-00C04F79EFBC}") = "CWPipeline", "CWPipeline\CWPipeline.csproj", "{556B2922-5D90-4830-AAE2-00570963028A}"
EndProject
Project("{FAE04EC0-301F-11D3-BF4B-00C04F79EFBC}") = "Game1", "Game1\Game1.csproj", "{BD4CA432-A72B-49EC-B70C-FC7893D30D02}"
EndProject
Project("{2150E333-8FDC-42A3-9474-1A3956D46DE8}") = "Solution Items", "Solution Items", "{E93AB40F-35F1-49C2-BEA3-3CC2F8798DC2}"
	ProjectSection(SolutionItems) = preProject
		.gitignore = .gitignore
		LICENSE = LICENSE
	EndProjectSection
EndProject
Global
	GlobalSection(SolutionConfigurationPlatforms) = preSolution
		Debug|Any CPU = Debug|Any CPU
		Debug|x86 = Debug|x86
		Release|Any CPU = Release|Any CPU
		Release|x86 = Release|x86
	EndGlobalSection
	GlobalSection(ProjectConfigurationPlatforms) = postSolution
		{0B1BB465-7FB2-4157-A833-92083CD4D44F}.Debug|Any CPU.ActiveCfg = Debug|Any CPU
		{0B1BB465-7FB2-4157-A833-92083CD4D44F}.Debug|Any CPU.Build.0 = Debug|Any CPU
		{0B1BB465-7FB2-4157-A833-92083CD4D44F}.Debug|x86.ActiveCfg = Debug|Any CPU
		{0B1BB465-7FB2-4157-A833-92083CD4D44F}.Debug|x86.Build.0 = Debug|Any CPU
		{0B1BB465-7FB2-4157-A833-92083CD4D44F}.Release|Any CPU.ActiveCfg = Release|Any CPU
		{0B1BB465-7FB2-4157-A833-92083CD4D44F}.Release|Any CPU.Build.0 = Release|Any CPU
		{0B1BB465-7FB2-4157-A833-92083CD4D44F}.Release|x86.ActiveCfg = Release|Any CPU
		{0B1BB465-7FB2-4157-A833-92083CD4D44F}.Release|x86.Build.0 = Release|Any CPU
		{556B2922-5D90-4830-AAE2-00570963028A}.Debug|Any CPU.ActiveCfg = Debug|Any CPU
		{556B2922-5D90-4830-AAE2-00570963028A}.Debug|Any CPU.Build.0 = Debug|Any CPU
		{556B2922-5D90-4830-AAE2-00570963028A}.Debug|x86.ActiveCfg = Debug|Any CPU
		{556B2922-5D90-4830-AAE2-00570963028A}.Debug|x86.Build.0 = Debug|Any CPU
		{556B2922-5D90-4830-AAE2-00570963028A}.Release|Any CPU.ActiveCfg = Release|Any CPU
		{556B2922-5D90-4830-AAE2-00570963028A}.Release|Any CPU.Build.0 = Release|Any CPU
		{556B2922-5D90-4830-AAE2-00570963028A}.Release|x86.ActiveCfg = Release|Any CPU
		{556B2922-5D90-4830-AAE2-00570963028A}.Release|x86.Build.0 = Release|Any CPU
		{BD4CA432-A72B-49EC-B70C-FC7893D30D02}.Debug|Any CPU.ActiveCfg = Debug|x86
		{BD4CA432-A72B-49EC-B70C-FC7893D30D02}.Debug|x86.ActiveCfg = Debug|x86
		{BD4CA432-A72B-49EC-B70C-FC7893D30D02}.Debug|x86.Build.0 = Debug|x86
		{BD4CA432-A72B-49EC-B70C-FC7893D30D02}.Release|Any CPU.ActiveCfg = Release|x86
		{BD4CA432-A72B-49EC-B70C-FC7893D30D02}.Release|x86.ActiveCfg = Release|x86
		{BD4CA432-A72B-49EC-B70C-FC7893D30D02}.Release|x86.Build.0 = Release|x86
	EndGlobalSection
	GlobalSection(SolutionProperties) = preSolution
		HideSolutionNode = FALSE
	EndGlobalSection
	GlobalSection(ExtensibilityGlobals) = postSolution
		SolutionGuid = {C0061720-DCDA-464E-9868-6EC6A8C83CC4}
	EndGlobalSection
EndGlobal
